// !$*UTF8*$!
{
	archiveVersion = 1;
	classes = {
	};
	objectVersion = 56;
	objects = {

/* Begin PBXBuildFile section */
		001 /* PassiVerdiApp.swift in Sources */ = {isa = PBXBuildFile; fileRef = 002 /* PassiVerdiApp.swift */; };
		003 /* ContentView.swift in Sources */ = {isa = PBXBuildFile; fileRef = 004 /* ContentView.swift */; };
		005 /* Assets.xcassets in Resources */ = {isa = PBXBuildFile; fileRef = 006 /* Assets.xcassets */; };
		007 /* Preview Assets.xcassets in Resources */ = {isa = PBXBuildFile; fileRef = 008 /* Preview Assets.xcassets */; };
		009 /* PassiVerdi Watch App.app in Embed Watch Content */ = {isa = PBXBuildFile; fileRef = 010 /* PassiVerdi Watch App.app */; settings = {ATTRIBUTES = (RemoveHeadersOnCopy, ); }; };
		011 /* PassiVerdiWatchApp.swift in Sources */ = {isa = PBXBuildFile; fileRef = 012 /* PassiVerdiWatchApp.swift */; };
		013 /* WatchContentView.swift in Sources */ = {isa = PBXBuildFile; fileRef = 014 /* WatchContentView.swift */; };
		015 /* Assets.xcassets in Resources */ = {isa = PBXBuildFile; fileRef = 016 /* Assets.xcassets */; };
		017 /* Preview Assets.xcassets in Resources */ = {isa = PBXBuildFile; fileRef = 018 /* Preview Assets.xcassets */; };
		019 /* LocationManager.swift in Sources */ = {isa = PBXBuildFile; fileRef = 020 /* LocationManager.swift */; };
		021 /* MotionManager.swift in Sources */ = {isa = PBXBuildFile; fileRef = 022 /* MotionManager.swift */; };
		023 /* PointsManager.swift in Sources */ = {isa = PBXBuildFile; fileRef = 024 /* PointsManager.swift */; };
		025 /* UserProfile.swift in Sources */ = {isa = PBXBuildFile; fileRef = 026 /* UserProfile.swift */; };
		027 /* Activity.swift in Sources */ = {isa = PBXBuildFile; fileRef = 028 /* Activity.swift */; };
		029 /* Badge.swift in Sources */ = {isa = PBXBuildFile; fileRef = 030 /* Badge.swift */; };
		031 /* DashboardView.swift in Sources */ = {isa = PBXBuildFile; fileRef = 032 /* DashboardView.swift */; };
		033 /* ProfileView.swift in Sources */ = {isa = PBXBuildFile; fileRef = 034 /* ProfileView.swift */; };
		035 /* StatisticsView.swift in Sources */ = {isa = PBXBuildFile; fileRef = 036 /* StatisticsView.swift */; };
		037 /* OnboardingView.swift in Sources */ = {isa = PBXBuildFile; fileRef = 038 /* OnboardingView.swift */; };
		039 /* BadgesView.swift in Sources */ = {isa = PBXBuildFile; fileRef = 040 /* BadgesView.swift */; };
		041 /* WatchConnectivityManager.swift in Sources */ = {isa = PBXBuildFile; fileRef = 042 /* WatchConnectivityManager.swift */; };
		043 /* WatchConnectivityManager.swift in Sources */ = {isa = PBXBuildFile; fileRef = 042 /* WatchConnectivityManager.swift */; };
		045 /* CloudKitManager.swift in Sources */ = {isa = PBXBuildFile; fileRef = 046 /* CloudKitManager.swift */; };
/* End PBXBuildFile section */

/* Begin PBXContainerItemProxy section */
		050 /* PBXContainerItemProxy */ = {
			isa = PBXContainerItemProxy;
			containerPortal = 100 /* Project object */;
			proxyType = 1;
			remoteGlobalIDString = 051;
			remoteInfo = "PassiVerdi Watch App";
		};
/* End PBXContainerItemProxy section */

/* Begin PBXCopyFilesBuildPhase section */
		052 /* Embed Watch Content */ = {
			isa = PBXCopyFilesBuildPhase;
			buildActionMask = 2147483647;
			dstPath = "$(CONTENTS_FOLDER_PATH)/Watch";
			dstSubfolderSpec = 16;
			files = (
				009 /* PassiVerdi Watch App.app in Embed Watch Content */,
			);
			name = "Embed Watch Content";
			runOnlyForDeploymentPostprocessing = 0;
		};
/* End PBXCopyFilesBuildPhase section */

/* Begin PBXFileReference section */
		002 /* PassiVerdiApp.swift */ = {isa = PBXFileReference; lastKnownFileType = sourcecode.swift; path = PassiVerdiApp.swift; sourceTree = "<group>"; };
		004 /* ContentView.swift */ = {isa = PBXFileReference; lastKnownFileType = sourcecode.swift; path = ContentView.swift; sourceTree = "<group>"; };
		006 /* Assets.xcassets */ = {isa = PBXFileReference; lastKnownFileType = folder.assetcatalog; path = Assets.xcassets; sourceTree = "<group>"; };
		008 /* Preview Assets.xcassets */ = {isa = PBXFileReference; lastKnownFileType = folder.assetcatalog; path = "Preview Assets.xcassets"; sourceTree = "<group>"; };
		010 /* PassiVerdi Watch App.app */ = {isa = PBXFileReference; explicitFileType = wrapper.application; includeInIndex = 0; path = "PassiVerdi Watch App.app"; sourceTree = BUILT_PRODUCTS_DIR; };
		012 /* PassiVerdiWatchApp.swift */ = {isa = PBXFileReference; lastKnownFileType = sourcecode.swift; path = PassiVerdiWatchApp.swift; sourceTree = "<group>"; };
		014 /* WatchContentView.swift */ = {isa = PBXFileReference; lastKnownFileType = sourcecode.swift; path = WatchContentView.swift; sourceTree = "<group>"; };
		016 /* Assets.xcassets */ = {isa = PBXFileReference; lastKnownFileType = folder.assetcatalog; path = Assets.xcassets; sourceTree = "<group>"; };
		018 /* Preview Assets.xcassets */ = {isa = PBXFileReference; lastKnownFileType = folder.assetcatalog; path = "Preview Assets.xcassets"; sourceTree = "<group>"; };
		020 /* LocationManager.swift */ = {isa = PBXFileReference; lastKnownFileType = sourcecode.swift; path = LocationManager.swift; sourceTree = "<group>"; };
		022 /* MotionManager.swift */ = {isa = PBXFileReference; lastKnownFileType = sourcecode.swift; path = MotionManager.swift; sourceTree = "<group>"; };
		024 /* PointsManager.swift */ = {isa = PBXFileReference; lastKnownFileType = sourcecode.swift; path = PointsManager.swift; sourceTree = "<group>"; };
		026 /* UserProfile.swift */ = {isa = PBXFileReference; lastKnownFileType = sourcecode.swift; path = UserProfile.swift; sourceTree = "<group>"; };
		028 /* Activity.swift */ = {isa = PBXFileReference; lastKnownFileType = sourcecode.swift; path = Activity.swift; sourceTree = "<group>"; };
		030 /* Badge.swift */ = {isa = PBXFileReference; lastKnownFileType = sourcecode.swift; path = Badge.swift; sourceTree = "<group>"; };
		032 /* DashboardView.swift */ = {isa = PBXFileReference; lastKnownFileType = sourcecode.swift; path = DashboardView.swift; sourceTree = "<group>"; };
		034 /* ProfileView.swift */ = {isa = PBXFileReference; lastKnownFileType = sourcecode.swift; path = ProfileView.swift; sourceTree = "<group>"; };
		036 /* StatisticsView.swift */ = {isa = PBXFileReference; lastKnownFileType = sourcecode.swift; path = StatisticsView.swift; sourceTree = "<group>"; };
		038 /* OnboardingView.swift */ = {isa = PBXFileReference; lastKnownFileType = sourcecode.swift; path = OnboardingView.swift; sourceTree = "<group>"; };
		040 /* BadgesView.swift */ = {isa = PBXFileReference; lastKnownFileType = sourcecode.swift; path = BadgesView.swift; sourceTree = "<group>"; };
		042 /* WatchConnectivityManager.swift */ = {isa = PBXFileReference; lastKnownFileType = sourcecode.swift; path = WatchConnectivityManager.swift; sourceTree = "<group>"; };
		046 /* CloudKitManager.swift */ = {isa = PBXFileReference; lastKnownFileType = sourcecode.swift; path = CloudKitManager.swift; sourceTree = "<group>"; };
		200 /* PassiVerdi.app */ = {isa = PBXFileReference; explicitFileType = wrapper.application; includeInIndex = 0; path = PassiVerdi.app; sourceTree = BUILT_PRODUCTS_DIR; };
		300 /* Info.plist */ = {isa = PBXFileReference; lastKnownFileType = text.plist.xml; path = Info.plist; sourceTree = "<group>"; };
		301 /* PassiVerdi.entitlements */ = {isa = PBXFileReference; lastKnownFileType = text.plist.entitlements; path = PassiVerdi.entitlements; sourceTree = "<group>"; };
/* End PBXFileReference section */

/* Begin PBXFrameworksBuildPhase section */
		060 /* Frameworks */ = {
			isa = PBXFrameworksBuildPhase;
			buildActionMask = 2147483647;
			files = (
			);
			runOnlyForDeploymentPostprocessing = 0;
		};
		061 /* Frameworks */ = {
			isa = PBXFrameworksBuildPhase;
			buildActionMask = 2147483647;
			files = (
			);
			runOnlyForDeploymentPostprocessing = 0;
		};
/* End PBXFrameworksBuildPhase section */

/* Begin PBXGroup section */
		070 = {
			isa = PBXGroup;
			children = (
				071 /* PassiVerdi */,
				072 /* PassiVerdi Watch App */,
				073 /* Products */,
			);
			sourceTree = "<group>";
		};
		071 /* PassiVerdi */ = {
			isa = PBXGroup;
			children = (
				300 /* Info.plist */,
				301 /* PassiVerdi.entitlements */,
				002 /* PassiVerdiApp.swift */,
				004 /* ContentView.swift */,
				074 /* Models */,
				075 /* Views */,
				076 /* Managers */,
				006 /* Assets.xcassets */,
				077 /* Preview Content */,
			);
			path = PassiVerdi;
			sourceTree = "<group>";
		};
		072 /* PassiVerdi Watch App */ = {
			isa = PBXGroup;
			children = (
				012 /* PassiVerdiWatchApp.swift */,
				014 /* WatchContentView.swift */,
				016 /* Assets.xcassets */,
				078 /* Preview Content */,
			);
			path = "PassiVerdi Watch App";
			sourceTree = "<group>";
		};
		073 /* Products */ = {
			isa = PBXGroup;
			children = (
				200 /* PassiVerdi.app */,
				010 /* PassiVerdi Watch App.app */,
			);
			name = Products;
			sourceTree = "<group>";
		};
		074 /* Models */ = {
			isa = PBXGroup;
			children = (
				026 /* UserProfile.swift */,
				028 /* Activity.swift */,
				030 /* Badge.swift */,
			);
			path = Models;
			sourceTree = "<group>";
		};
		075 /* Views */ = {
			isa = PBXGroup;
			children = (
				032 /* DashboardView.swift */,
				034 /* ProfileView.swift */,
				036 /* StatisticsView.swift */,
				038 /* OnboardingView.swift */,
				040 /* BadgesView.swift */,
			);
			path = Views;
			sourceTree = "<group>";
		};
		076 /* Managers */ = {
			isa = PBXGroup;
			children = (
				020 /* LocationManager.swift */,
				022 /* MotionManager.swift */,
				024 /* PointsManager.swift */,
				042 /* WatchConnectivityManager.swift */,
				046 /* CloudKitManager.swift */,
			);
			path = Managers;
			sourceTree = "<group>";
		};
		077 /* Preview Content */ = {
			isa = PBXGroup;
			children = (
				008 /* Preview Assets.xcassets */,
			);
			path = "Preview Content";
			sourceTree = "<group>";
		};
		078 /* Preview Content */ = {
			isa = PBXGroup;
			children = (
				018 /* Preview Assets.xcassets */,
			);
			path = "Preview Content";
			sourceTree = "<group>";
		};
/* End PBXGroup section */

/* Begin PBXNativeTarget section */
		051 /* PassiVerdi Watch App */ = {
			isa = PBXNativeTarget;
			buildConfigurationList = 090 /* Build configuration list for PBXNativeTarget "PassiVerdi Watch App" */;
			buildPhases = (
				080 /* Sources */,
				061 /* Frameworks */,
				081 /* Resources */,
			);
			buildRules = (
			);
			dependencies = (
			);
			name = "PassiVerdi Watch App";
			productName = "PassiVerdi Watch App";
			productReference = 010 /* PassiVerdi Watch App.app */;
			productType = "com.apple.product-type.application.watchapp2";
		};
		101 /* PassiVerdi */ = {
			isa = PBXNativeTarget;
			buildConfigurationList = 091 /* Build configuration list for PBXNativeTarget "PassiVerdi" */;
			buildPhases = (
				082 /* Sources */,
				060 /* Frameworks */,
				083 /* Resources */,
				052 /* Embed Watch Content */,
			);
			buildRules = (
			);
			dependencies = (
				084 /* PBXTargetDependency */,
			);
			name = PassiVerdi;
			productName = PassiVerdi;
			productReference = 200 /* PassiVerdi.app */;
			productType = "com.apple.product-type.application";
		};
/* End PBXNativeTarget section */

/* Begin PBXProject section */
		100 /* Project object */ = {
			isa = PBXProject;
			attributes = {
				BuildIndependentTargetsInParallel = 1;
				LastSwiftUpdateCheck = 1500;
				LastUpgradeCheck = 1500;
				TargetAttributes = {
					051 = {
						CreatedOnToolsVersion = 15.0;
					};
					101 = {
						CreatedOnToolsVersion = 15.0;
					};
				};
			};
			buildConfigurationList = 110 /* Build configuration list for PBXProject "PassiVerdi" */;
			compatibilityVersion = "Xcode 14.0";
			developmentRegion = it;
			hasScannedForEncodings = 0;
			knownRegions = (
				en,
				it,
			);
			mainGroup = 070;
			productRefGroup = 073 /* Products */;
			projectDirPath = "";
			projectRoot = "";
			targets = (
				101 /* PassiVerdi */,
				051 /* PassiVerdi Watch App */,
			);
		};
/* End PBXProject section */

/* Begin PBXResourcesBuildPhase section */
		081 /* Resources */ = {
			isa = PBXResourcesBuildPhase;
			buildActionMask = 2147483647;
			files = (
				017 /* Preview Assets.xcassets in Resources */,
				015 /* Assets.xcassets in Resources */,
			);
			runOnlyForDeploymentPostprocessing = 0;
		};
		083 /* Resources */ = {
			isa = PBXResourcesBuildPhase;
			buildActionMask = 2147483647;
			files = (
				007 /* Preview Assets.xcassets in Resources */,
				005 /* Assets.xcassets in Resources */,
			);
			runOnlyForDeploymentPostprocessing = 0;
		};
/* End PBXResourcesBuildPhase section */

/* Begin PBXSourcesBuildPhase section */
		080 /* Sources */ = {
			isa = PBXSourcesBuildPhase;
			buildActionMask = 2147483647;
			files = (
				013 /* WatchContentView.swift in Sources */,
				011 /* PassiVerdiWatchApp.swift in Sources */,
				043 /* WatchConnectivityManager.swift in Sources */,
			);
			runOnlyForDeploymentPostprocessing = 0;
		};
		082 /* Sources */ = {
			isa = PBXSourcesBuildPhase;
			buildActionMask = 2147483647;
			files = (
				003 /* ContentView.swift in Sources */,
				001 /* PassiVerdiApp.swift in Sources */,
				019 /* LocationManager.swift in Sources */,
				021 /* MotionManager.swift in Sources */,
				023 /* PointsManager.swift in Sources */,
				025 /* UserProfile.swift in Sources */,
				027 /* Activity.swift in Sources */,
				029 /* Badge.swift in Sources */,
				031 /* DashboardView.swift in Sources */,
				033 /* ProfileView.swift in Sources */,
				035 /* StatisticsView.swift in Sources */,
				037 /* OnboardingView.swift in Sources */,
				039 /* BadgesView.swift in Sources */,
				041 /* WatchConnectivityManager.swift in Sources */,
				045 /* CloudKitManager.swift in Sources */,
			);
			runOnlyForDeploymentPostprocessing = 0;
		};
/* End PBXSourcesBuildPhase section */

/* Begin PBXTargetDependency section */
		084 /* PBXTargetDependency */ = {
			isa = PBXTargetDependency;
			target = 051 /* PassiVerdi Watch App */;
			targetProxy = 050 /* PBXContainerItemProxy */;
		};
/* End PBXTargetDependency section */

/* Begin XCBuildConfiguration section */
		120 /* Debug */ = {
			isa = XCBuildConfiguration;
			buildSettings = {
				ALWAYS_SEARCH_USER_PATHS = NO;
				ASSETCATALOG_COMPILER_GENERATE_SWIFT_ASSET_SYMBOL_EXTENSIONS = YES;
				CLANG_ANALYZER_NONNULL = YES;
				CLANG_ANALYZER_NUMBER_OBJECT_CONVERSION = YES_AGGRESSIVE;
				CLANG_CXX_LANGUAGE_STANDARD = "gnu++20";
				CLANG_ENABLE_MODULES = YES;
				CLANG_ENABLE_OBJC_ARC = YES;
				CLANG_ENABLE_OBJC_WEAK = YES;
				CLANG_WARN_BLOCK_CAPTURE_AUTORELEASING = YES;
				CLANG_WARN_BOOL_CONVERSION = YES;
				CLANG_WARN_COMMA = YES;
				CLANG_WARN_CONSTANT_CONVERSION = YES;
				CLANG_WARN_DEPRECATED_OBJC_IMPLEMENTATIONS = YES;
				CLANG_WARN_DIRECT_OBJC_ISA_USAGE = YES_ERROR;
				CLANG_WARN_DOCUMENTATION_COMMENTS = YES;
				CLANG_WARN_EMPTY_BODY = YES;
				CLANG_WARN_ENUM_CONVERSION = YES;
				CLANG_WARN_INFINITE_RECURSION = YES;
				CLANG_WARN_INT_CONVERSION = YES;
				CLANG_WARN_NON_LITERAL_NULL_CONVERSION = YES;
				CLANG_WARN_OBJC_IMPLICIT_RETAIN_SELF = YES;
				CLANG_WARN_OBJC_LITERAL_CONVERSION = YES;
				CLANG_WARN_OBJC_ROOT_CLASS = YES_ERROR;
				CLANG_WARN_QUOTED_INCLUDE_IN_FRAMEWORK_HEADER = YES;
				CLANG_WARN_RANGE_LOOP_ANALYSIS = YES;
				CLANG_WARN_STRICT_PROTOTYPES = YES;
				CLANG_WARN_SUSPICIOUS_MOVE = YES;
				CLANG_WARN_UNGUARDED_AVAILABILITY = YES_AGGRESSIVE;
				CLANG_WARN_UNREACHABLE_CODE = YES;
				CLANG_WARN__DUPLICATE_METHOD_MATCH = YES;
				COPY_PHASE_STRIP = NO;
				DEBUG_INFORMATION_FORMAT = dwarf;
				ENABLE_STRICT_OBJC_MSGSEND = YES;
				ENABLE_TESTABILITY = YES;
				ENABLE_USER_SCRIPT_SANDBOXING = YES;
				GCC_C_LANGUAGE_STANDARD = gnu17;
				GCC_DYNAMIC_NO_PIC = NO;
				GCC_NO_COMMON_BLOCKS = YES;
				GCC_OPTIMIZATION_LEVEL = 0;
				GCC_PREPROCESSOR_DEFINITIONS = (
					"DEBUG=1",
					"$(inherited)",
				);
				GCC_WARN_64_TO_32_BIT_CONVERSION = YES;
				GCC_WARN_ABOUT_RETURN_TYPE = YES_ERROR;
				GCC_WARN_UNDECLARED_SELECTOR = YES;
				GCC_WARN_UNINITIALIZED_AUTOS = YES_AGGRESSIVE;
				GCC_WARN_UNUSED_FUNCTION = YES;
				GCC_WARN_UNUSED_VARIABLE = YES;
				LOCALIZATION_PREFERS_STRING_CATALOGS = YES;
				MTL_ENABLE_DEBUG_INFO = INCLUDE_SOURCE;
				MTL_FAST_MATH = YES;
				ONLY_ACTIVE_ARCH = YES;
				SWIFT_ACTIVE_COMPILATION_CONDITIONS = "DEBUG $(inherited)";
				SWIFT_OPTIMIZATION_LEVEL = "-Onone";
			};
			name = Debug;
		};
		121 /* Release */ = {
			isa = XCBuildConfiguration;
			buildSettings = {
				ALWAYS_SEARCH_USER_PATHS = NO;
				ASSETCATALOG_COMPILER_GENERATE_SWIFT_ASSET_SYMBOL_EXTENSIONS = YES;
				CLANG_ANALYZER_NONNULL = YES;
				CLANG_ANALYZER_NUMBER_OBJECT_CONVERSION = YES_AGGRESSIVE;
				CLANG_CXX_LANGUAGE_STANDARD = "gnu++20";
				CLANG_ENABLE_MODULES = YES;
				CLANG_ENABLE_OBJC_ARC = YES;
				CLANG_ENABLE_OBJC_WEAK = YES;
				CLANG_WARN_BLOCK_CAPTURE_AUTORELEASING = YES;
				CLANG_WARN_BOOL_CONVERSION = YES;
				CLANG_WARN_COMMA = YES;
				CLANG_WARN_CONSTANT_CONVERSION = YES;
				CLANG_WARN_DEPRECATED_OBJC_IMPLEMENTATIONS = YES;
				CLANG_WARN_DIRECT_OBJC_ISA_USAGE = YES_ERROR;
				CLANG_WARN_DOCUMENTATION_COMMENTS = YES;
				CLANG_WARN_EMPTY_BODY = YES;
				CLANG_WARN_ENUM_CONVERSION = YES;
				CLANG_WARN_INFINITE_RECURSION = YES;
				CLANG_WARN_INT_CONVERSION = YES;
				CLANG_WARN_NON_LITERAL_NULL_CONVERSION = YES;
				CLANG_WARN_OBJC_IMPLICIT_RETAIN_SELF = YES;
				CLANG_WARN_OBJC_LITERAL_CONVERSION = YES;
				CLANG_WARN_OBJC_ROOT_CLASS = YES_ERROR;
				CLANG_WARN_QUOTED_INCLUDE_IN_FRAMEWORK_HEADER = YES;
				CLANG_WARN_RANGE_LOOP_ANALYSIS = YES;
				CLANG_WARN_STRICT_PROTOTYPES = YES;
				CLANG_WARN_SUSPICIOUS_MOVE = YES;
				CLANG_WARN_UNGUARDED_AVAILABILITY = YES_AGGRESSIVE;
				CLANG_WARN_UNREACHABLE_CODE = YES;
				CLANG_WARN__DUPLICATE_METHOD_MATCH = YES;
				COPY_PHASE_STRIP = NO;
				DEBUG_INFORMATION_FORMAT = "dwarf-with-dsym";
				ENABLE_NS_ASSERTIONS = NO;
				ENABLE_STRICT_OBJC_MSGSEND = YES;
				ENABLE_USER_SCRIPT_SANDBOXING = YES;
				GCC_C_LANGUAGE_STANDARD = gnu17;
				GCC_NO_COMMON_BLOCKS = YES;
				GCC_WARN_64_TO_32_BIT_CONVERSION = YES;
				GCC_WARN_ABOUT_RETURN_TYPE = YES_ERROR;
				GCC_WARN_UNDECLARED_SELECTOR = YES;
				GCC_WARN_UNINITIALIZED_AUTOS = YES_AGGRESSIVE;
				GCC_WARN_UNUSED_FUNCTION = YES;
				GCC_WARN_UNUSED_VARIABLE = YES;
				LOCALIZATION_PREFERS_STRING_CATALOGS = YES;
				MTL_ENABLE_DEBUG_INFO = NO;
				MTL_FAST_MATH = YES;
				SWIFT_COMPILATION_MODE = wholemodule;
			};
			name = Release;
		};
		122 /* Debug */ = {
			isa = XCBuildConfiguration;
			buildSettings = {
				ASSETCATALOG_COMPILER_APPICON_NAME = AppIcon;
				ASSETCATALOG_COMPILER_GLOBAL_ACCENT_COLOR_NAME = AccentColor;
				CODE_SIGN_ENTITLEMENTS = PassiVerdi/PassiVerdi.entitlements;
				CODE_SIGN_STYLE = Automatic;
				CURRENT_PROJECT_VERSION = 1;
				DEVELOPMENT_ASSET_PATHS = "\"PassiVerdi/Preview Content\"";
				DEVELOPMENT_TEAM = "";
				ENABLE_PREVIEWS = YES;
				GENERATE_INFOPLIST_FILE = YES;
				INFOPLIST_FILE = PassiVerdi/Info.plist;
				INFOPLIST_KEY_CFBundleDisplayName = PassiVerdi;
				INFOPLIST_KEY_NSLocationAlwaysAndWhenInUseUsageDescription = "PassiVerdi usa la tua posizione per tracciare gli spostamenti sostenibili e calcolare i punti verdi.";
				INFOPLIST_KEY_NSLocationWhenInUseUsageDescription = "PassiVerdi usa la tua posizione per tracciare gli spostamenti sostenibili.";
				INFOPLIST_KEY_NSMotionUsageDescription = "PassiVerdi usa i sensori di movimento per rilevare il tipo di trasporto utilizzato.";
				INFOPLIST_KEY_UIApplicationSceneManifest_Generation = YES;
				INFOPLIST_KEY_UIApplicationSupportsIndirectInputEvents = YES;
				INFOPLIST_KEY_UILaunchScreen_Generation = YES;
				INFOPLIST_KEY_UISupportedInterfaceOrientations = "UIInterfaceOrientationPortrait UIInterfaceOrientationPortraitUpsideDown";
				INFOPLIST_KEY_UISupportedInterfaceOrientations_iPad = "UIInterfaceOrientationLandscapeLeft UIInterfaceOrientationLandscapeRight UIInterfaceOrientationPortrait UIInterfaceOrientationPortraitUpsideDown";
				IPHONEOS_DEPLOYMENT_TARGET = 17.0;
				LD_RUNPATH_SEARCH_PATHS = (
					"$(inherited)",
					"@executable_path/Frameworks",
				);
				MARKETING_VERSION = 1.0;
				PRODUCT_BUNDLE_IDENTIFIER = com.passiverdi.app;
				PRODUCT_NAME = "$(TARGET_NAME)";
				SDKROOT = iphoneos;
				SUPPORTED_PLATFORMS = "iphoneos iphonesimulator";
				SUPPORTS_MACCATALYST = NO;
				SUPPORTS_MAC_DESIGNED_FOR_IPHONE_IPAD = NO;
				SWIFT_EMIT_LOC_STRINGS = YES;
				SWIFT_VERSION = 5.0;
				TARGETED_DEVICE_FAMILY = "1,2";
			};
			name = Debug;
		};
		123 /* Release */ = {
			isa = XCBuildConfiguration;
			buildSettings = {
				ASSETCATALOG_COMPILER_APPICON_NAME = AppIcon;
				ASSETCATALOG_COMPILER_GLOBAL_ACCENT_COLOR_NAME = AccentColor;
				CODE_SIGN_ENTITLEMENTS = PassiVerdi/PassiVerdi.entitlements;
				CODE_SIGN_STYLE = Automatic;
				CURRENT_PROJECT_VERSION = 1;
				DEVELOPMENT_ASSET_PATHS = "\"PassiVerdi/Preview Content\"";
				DEVELOPMENT_TEAM = "";
				ENABLE_PREVIEWS = YES;
				GENERATE_INFOPLIST_FILE = YES;
				INFOPLIST_FILE = PassiVerdi/Info.plist;
				INFOPLIST_KEY_CFBundleDisplayName = PassiVerdi;
				INFOPLIST_KEY_NSLocationAlwaysAndWhenInUseUsageDescription = "PassiVerdi usa la tua posizione per tracciare gli spostamenti sostenibili e calcolare i punti verdi.";
				INFOPLIST_KEY_NSLocationWhenInUseUsageDescription = "PassiVerdi usa la tua posizione per tracciare gli spostamenti sostenibili.";
				INFOPLIST_KEY_NSMotionUsageDescription = "PassiVerdi usa i sensori di movimento per rilevare il tipo di trasporto utilizzato.";
				INFOPLIST_KEY_UIApplicationSceneManifest_Generation = YES;
				INFOPLIST_KEY_UIApplicationSupportsIndirectInputEvents = YES;
				INFOPLIST_KEY_UILaunchScreen_Generation = YES;
				INFOPLIST_KEY_UISupportedInterfaceOrientations = "UIInterfaceOrientationPortrait UIInterfaceOrientationPortraitUpsideDown";
				INFOPLIST_KEY_UISupportedInterfaceOrientations_iPad = "UIInterfaceOrientationLandscapeLeft UIInterfaceOrientationLandscapeRight UIInterfaceOrientationPortrait UIInterfaceOrientationPortraitUpsideDown";
				IPHONEOS_DEPLOYMENT_TARGET = 17.0;
				LD_RUNPATH_SEARCH_PATHS = (
					"$(inherited)",
					"@executable_path/Frameworks",
				);
				MARKETING_VERSION = 1.0;
				PRODUCT_BUNDLE_IDENTIFIER = com.passiverdi.app;
				PRODUCT_NAME = "$(TARGET_NAME)";
				SDKROOT = iphoneos;
				SUPPORTED_PLATFORMS = "iphoneos iphonesimulator";
				SUPPORTS_MACCATALYST = NO;
				SUPPORTS_MAC_DESIGNED_FOR_IPHONE_IPAD = NO;
				SWIFT_EMIT_LOC_STRINGS = YES;
				SWIFT_VERSION = 5.0;
				TARGETED_DEVICE_FAMILY = "1,2";
				VALIDATE_PRODUCT = YES;
			};
			name = Release;
		};
		124 /* Debug */ = {
			isa = XCBuildConfiguration;
			buildSettings = {
				ASSETCATALOG_COMPILER_APPICON_NAME = AppIcon;
				ASSETCATALOG_COMPILER_GLOBAL_ACCENT_COLOR_NAME = AccentColor;
				CODE_SIGN_STYLE = Automatic;
				CURRENT_PROJECT_VERSION = 1;
				DEVELOPMENT_ASSET_PATHS = "\"PassiVerdi Watch App/Preview Content\"";
				DEVELOPMENT_TEAM = "";
				ENABLE_PREVIEWS = YES;
				GENERATE_INFOPLIST_FILE = YES;
				INFOPLIST_KEY_CFBundleDisplayName = PassiVerdi;
				INFOPLIST_KEY_UISupportedInterfaceOrientations = "UIInterfaceOrientationPortrait UIInterfaceOrientationPortraitUpsideDown";
				INFOPLIST_KEY_WKCompanionAppBundleIdentifier = com.passiverdi.app;
				LD_RUNPATH_SEARCH_PATHS = (
					"$(inherited)",
					"@executable_path/Frameworks",
				);
				MARKETING_VERSION = 1.0;
				PRODUCT_BUNDLE_IDENTIFIER = com.passiverdi.app.watchkitapp;
				PRODUCT_NAME = "$(TARGET_NAME)";
				SDKROOT = watchos;
				SKIP_INSTALL = YES;
				SWIFT_EMIT_LOC_STRINGS = YES;
				SWIFT_VERSION = 5.0;
				TARGETED_DEVICE_FAMILY = 4;
				WATCHOS_DEPLOYMENT_TARGET = 10.0;
			};
			name = Debug;
		};
		125 /* Release */ = {
			isa = XCBuildConfiguration;
			buildSettings = {
				ASSETCATALOG_COMPILER_APPICON_NAME = AppIcon;
				ASSETCATALOG_COMPILER_GLOBAL_ACCENT_COLOR_NAME = AccentColor;
				CODE_SIGN_STYLE = Automatic;
				CURRENT_PROJECT_VERSION = 1;
				DEVELOPMENT_ASSET_PATHS = "\"PassiVerdi Watch App/Preview Content\"";
				DEVELOPMENT_TEAM = "";
				ENABLE_PREVIEWS = YES;
				GENERATE_INFOPLIST_FILE = YES;
				INFOPLIST_KEY_CFBundleDisplayName = PassiVerdi;
				INFOPLIST_KEY_UISupportedInterfaceOrientations = "UIInterfaceOrientationPortrait UIInterfaceOrientationPortraitUpsideDown";
				INFOPLIST_KEY_WKCompanionAppBundleIdentifier = com.passiverdi.app;
				LD_RUNPATH_SEARCH_PATHS = (
					"$(inherited)",
					"@executable_path/Frameworks",
				);
				MARKETING_VERSION = 1.0;
				PRODUCT_BUNDLE_IDENTIFIER = com.passiverdi.app.watchkitapp;
				PRODUCT_NAME = "$(TARGET_NAME)";
				SDKROOT = watchos;
				SKIP_INSTALL = YES;
				SWIFT_EMIT_LOC_STRINGS = YES;
				SWIFT_VERSION = 5.0;
				TARGETED_DEVICE_FAMILY = 4;
				VALIDATE_PRODUCT = YES;
				WATCHOS_DEPLOYMENT_TARGET = 10.0;
			};
			name = Release;
		};
/* End XCBuildConfiguration section */

/* Begin XCConfigurationList section */
		090 /* Build configuration list for PBXNativeTarget "PassiVerdi Watch App" */ = {
			isa = XCConfigurationList;
			buildConfigurations = (
				124 /* Debug */,
				125 /* Release */,
			);
			defaultConfigurationIsVisible = 0;
			defaultConfigurationName = Release;
		};
		091 /* Build configuration list for PBXNativeTarget "PassiVerdi" */ = {
			isa = XCConfigurationList;
			buildConfigurations = (
				122 /* Debug */,
				123 /* Release */,
			);
			defaultConfigurationIsVisible = 0;
			defaultConfigurationName = Release;
		};
		110 /* Build configuration list for PBXProject "PassiVerdi" */ = {
			isa = XCConfigurationList;
			buildConfigurations = (
				120 /* Debug */,
				121 /* Release */,
			);
			defaultConfigurationIsVisible = 0;
			defaultConfigurationName = Release;
		};
/* End XCConfigurationList section */
	};
	rootObject = 100 /* Project object */;
}
